github.com/approvals/go-approval-tests v1.14.0 h1:TVCaKX2PR5m0xN3062cW9PC5Ptkx3kRytmNtm0Ap1+Q=
github.com/approvals/go-approval-tests v1.14.0/go.mod h1:3HKg6haD0Wg6p1SiA8/xHWg/xu4qnsB73ocJoo6zNy8=
github.com/gomarkdown/markdown v0.0.0-20260824154242-13c5cf49db8d h1:8VtgBGEPLZ2Yn0Fuh6Pwmy3qF6indeaqy8mrBMbUKRQ=
github.com/gomarkdown/markdown v0.0.0-20260824154242-13c5cf49db8d/go.mod h1:JDGcbDT52eL4fju3sZ4TeHGsQwhG9nbDV21aMyhwPoA=
github.com/gomarkdown/mdtohtml v0.0.0-20240124153210-d773061d1585 h1:gfB9CukKWjBI83xByTJwpOkSwFD+Ev+2m3U332KZCLo=
github.com/gomarkdown/mdtohtml v0.0.0-20240124153210-d773061d1585/go.mod h1:6grYm5/uY15CwgBBqwA3+o/cAzaxssckznJ0B35ouBY=
github.com/lib/pq v1.12.3 h1:tTWxr2YLKwIvK90ZXEw8GP7UFHtcbTtty8zsI+YjrfQ=
github.com/lib/pq v1.12.3/go.mod h1:/p+8NSbOcwzAEI7wiMXFlgydTwcgTr3OSKMsD2BitpA=
